
Microsoft Visual Studio Solution File, Format Version 12.00
# Visual Studio Version 16
VisualStudioVersion = 16.0.28922.388
MinimumVisualStudioVersion = 10.0.40219.1
Project("{8BC9CEB8-8B4A-11D0-8D11-00A0C91BC942}") = "Driver", "Driver\Driver.vcxproj", "{148F59B4-A689-4C08-9D7D-0EFB5C6BDA16}"
	ProjectSection(ProjectDependencies) = postProject
		{A1E1112D-966D-45EC-96DE-B84371E803EE} = {A1E1112D-966D-45EC-96DE-B84371E803EE}
	EndProjectSection
EndProject
Project("{8BC9CEB8-8B4A-11D0-8D11-00A0C91BC942}") = "Common", "Common\Common.vcxproj", "{A1E1112D-966D-45EC-96DE-B84371E803EE}"
EndProject
Project("{2150E333-8FDC-42A3-9474-1A3956D46DE8}") = "Solution Items", "Solution Items", "{0D5D410A-CA06-4EB5-B7B7-24A0A94357ED}"
	ProjectSection(SolutionItems) = preProject
		Docs\crash-analysis.md = Docs\crash-analysis.md
		Docs\FAQ.md = Docs\FAQ.md
		Docs\fuzzing-vm-setup.md = Docs\fuzzing-vm-setup.md
		README.md = README.md
	EndProjectSection
EndProject
Project("{FAE04EC0-301F-11D3-BF4B-00C04F79EFBC}") = "GUI-WinForms", "Fuzzer\GUI-WinForms.csproj", "{866418E6-C56E-4E88-B46E-21B5A2A789B0}"
	ProjectSection(ProjectDependencies) = postProject
		{A1E1112D-966D-45EC-96DE-B84371E803EE} = {A1E1112D-966D-45EC-96DE-B84371E803EE}
	EndProjectSection
EndProject
Project("{8BC9CEB8-8B4A-11D0-8D11-00A0C91BC942}") = "Broker", "Broker\Broker.vcxproj", "{94DEB1FD-0D24-43CE-8E33-73F7F32E839C}"
	ProjectSection(ProjectDependencies) = postProject
		{A1E1112D-966D-45EC-96DE-B84371E803EE} = {A1E1112D-966D-45EC-96DE-B84371E803EE}
		{148F59B4-A689-4C08-9D7D-0EFB5C6BDA16} = {148F59B4-A689-4C08-9D7D-0EFB5C6BDA16}
	EndProjectSection
EndProject
Project("{FAE04EC0-301F-11D3-BF4B-00C04F79EFBC}") = "GUI", "GUI\GUI.csproj", "{73B379CD-0298-415B-AC8E-FC6D4A6721AB}"
EndProject
Project("{888888A0-9F3D-457C-B088-3A5042F75D52}") = "Broker-Test-Client", "Broker-Test-Client\Broker-Test-Client.pyproj", "{C144BA26-B954-4C36-B43E-C77E2487353A}"
EndProject
Global
	GlobalSection(SolutionConfigurationPlatforms) = preSolution
		Debug|Any CPU = Debug|Any CPU
		Debug|ARM = Debug|ARM
		Debug|ARM64 = Debug|ARM64
		Debug|x64 = Debug|x64
		Debug|x86 = Debug|x86
		Release|Any CPU = Release|Any CPU
		Release|ARM = Release|ARM
		Release|ARM64 = Release|ARM64
		Release|x64 = Release|x64
		Release|x86 = Release|x86
	EndGlobalSection
	GlobalSection(ProjectConfigurationPlatforms) = postSolution
		{148F59B4-A689-4C08-9D7D-0EFB5C6BDA16}.Debug|Any CPU.ActiveCfg = Debug|Win32
		{148F59B4-A689-4C08-9D7D-0EFB5C6BDA16}.Debug|ARM.ActiveCfg = Debug|ARM
		{148F59B4-A689-4C08-9D7D-0EFB5C6BDA16}.Debug|ARM.Build.0 = Debug|ARM
		{148F59B4-A689-4C08-9D7D-0EFB5C6BDA16}.Debug|ARM.Deploy.0 = Debug|ARM
		{148F59B4-A689-4C08-9D7D-0EFB5C6BDA16}.Debug|ARM64.ActiveCfg = Debug|ARM64
		{148F59B4-A689-4C08-9D7D-0EFB5C6BDA16}.Debug|ARM64.Build.0 = Debug|ARM64
		{148F59B4-A689-4C08-9D7D-0EFB5C6BDA16}.Debug|ARM64.Deploy.0 = Debug|ARM64
		{148F59B4-A689-4C08-9D7D-0EFB5C6BDA16}.Debug|x64.ActiveCfg = Debug|x64
		{148F59B4-A689-4C08-9D7D-0EFB5C6BDA16}.Debug|x64.Build.0 = Debug|x64
		{148F59B4-A689-4C08-9D7D-0EFB5C6BDA16}.Debug|x86.ActiveCfg = Debug|Win32
		{148F59B4-A689-4C08-9D7D-0EFB5C6BDA16}.Debug|x86.Build.0 = Debug|Win32
		{148F59B4-A689-4C08-9D7D-0EFB5C6BDA16}.Debug|x86.Deploy.0 = Debug|Win32
		{148F59B4-A689-4C08-9D7D-0EFB5C6BDA16}.Release|Any CPU.ActiveCfg = Release|Win32
		{148F59B4-A689-4C08-9D7D-0EFB5C6BDA16}.Release|Any CPU.Build.0 = Release|Win32
		{148F59B4-A689-4C08-9D7D-0EFB5C6BDA16}.Release|Any CPU.Deploy.0 = Release|Win32
		{148F59B4-A689-4C08-9D7D-0EFB5C6BDA16}.Release|ARM.ActiveCfg = Release|Win32
		{148F59B4-A689-4C08-9D7D-0EFB5C6BDA16}.Release|ARM.Build.0 = Release|ARM
		{148F59B4-A689-4C08-9D7D-0EFB5C6BDA16}.Release|ARM.Deploy.0 = Release|ARM
		{148F59B4-A689-4C08-9D7D-0EFB5C6BDA16}.Release|ARM64.ActiveCfg = Release|Win32
		{148F59B4-A689-4C08-9D7D-0EFB5C6BDA16}.Release|ARM64.Build.0 = Release|ARM64
		{148F59B4-A689-4C08-9D7D-0EFB5C6BDA16}.Release|ARM64.Deploy.0 = Release|ARM64
		{148F59B4-A689-4C08-9D7D-0EFB5C6BDA16}.Release|x64.ActiveCfg = Release|x64
		{148F59B4-A689-4C08-9D7D-0EFB5C6BDA16}.Release|x64.Build.0 = Release|x64
		{148F59B4-A689-4C08-9D7D-0EFB5C6BDA16}.Release|x86.ActiveCfg = Release|Win32
		{148F59B4-A689-4C08-9D7D-0EFB5C6BDA16}.Release|x86.Build.0 = Release|Win32
		{148F59B4-A689-4C08-9D7D-0EFB5C6BDA16}.Release|x86.Deploy.0 = Release|Win32
		{A1E1112D-966D-45EC-96DE-B84371E803EE}.Debug|Any CPU.ActiveCfg = Debug|Win32
		{A1E1112D-966D-45EC-96DE-B84371E803EE}.Debug|ARM.ActiveCfg = Debug|Win32
		{A1E1112D-966D-45EC-96DE-B84371E803EE}.Debug|ARM64.ActiveCfg = Debug|Win32
		{A1E1112D-966D-45EC-96DE-B84371E803EE}.Debug|x64.ActiveCfg = Debug|x64
		{A1E1112D-966D-45EC-96DE-B84371E803EE}.Debug|x64.Build.0 = Debug|x64
		{A1E1112D-966D-45EC-96DE-B84371E803EE}.Debug|x86.ActiveCfg = Debug|Win32
		{A1E1112D-966D-45EC-96DE-B84371E803EE}.Debug|x86.Build.0 = Debug|Win32
		{A1E1112D-966D-45EC-96DE-B84371E803EE}.Release|Any CPU.ActiveCfg = Release|Win32
		{A1E1112D-966D-45EC-96DE-B84371E803EE}.Release|Any CPU.Build.0 = Release|Win32
		{A1E1112D-966D-45EC-96DE-B84371E803EE}.Release|ARM.ActiveCfg = Release|Win32
		{A1E1112D-966D-45EC-96DE-B84371E803EE}.Release|ARM64.ActiveCfg = Release|Win32
		{A1E1112D-966D-45EC-96DE-B84371E803EE}.Release|x64.ActiveCfg = Release|x64
		{A1E1112D-966D-45EC-96DE-B84371E803EE}.Release|x64.Build.0 = Release|x64
		{A1E1112D-966D-45EC-96DE-B84371E803EE}.Release|x86.ActiveCfg = Release|Win32
		{A1E1112D-966D-45EC-96DE-B84371E803EE}.Release|x86.Build.0 = Release|Win32
		{866418E6-C56E-4E88-B46E-21B5A2A789B0}.Debug|Any CPU.ActiveCfg = Debug|Any CPU
		{866418E6-C56E-4E88-B46E-21B5A2A789B0}.Debug|Any CPU.Build.0 = Debug|Any CPU
		{866418E6-C56E-4E88-B46E-21B5A2A789B0}.Debug|ARM.ActiveCfg = Debug|Any CPU
		{866418E6-C56E-4E88-B46E-21B5A2A789B0}.Debug|ARM.Build.0 = Debug|Any CPU
		{866418E6-C56E-4E88-B46E-21B5A2A789B0}.Debug|ARM64.ActiveCfg = Debug|Any CPU
		{866418E6-C56E-4E88-B46E-21B5A2A789B0}.Debug|ARM64.Build.0 = Debug|Any CPU
		{866418E6-C56E-4E88-B46E-21B5A2A789B0}.Debug|x64.ActiveCfg = Debug|Any CPU
		{866418E6-C56E-4E88-B46E-21B5A2A789B0}.Debug|x64.Build.0 = Debug|Any CPU
		{866418E6-C56E-4E88-B46E-21B5A2A789B0}.Debug|x86.ActiveCfg = Debug|Any CPU
		{866418E6-C56E-4E88-B46E-21B5A2A789B0}.Debug|x86.Build.0 = Debug|Any CPU
		{866418E6-C56E-4E88-B46E-21B5A2A789B0}.Release|Any CPU.ActiveCfg = Release|Any CPU
		{866418E6-C56E-4E88-B46E-21B5A2A789B0}.Release|Any CPU.Build.0 = Release|Any CPU
		{866418E6-C56E-4E88-B46E-21B5A2A789B0}.Release|ARM.ActiveCfg = Release|Any CPU
		{866418E6-C56E-4E88-B46E-21B5A2A789B0}.Release|ARM.Build.0 = Release|Any CPU
		{866418E6-C56E-4E88-B46E-21B5A2A789B0}.Release|ARM64.ActiveCfg = Release|Any CPU
		{866418E6-C56E-4E88-B46E-21B5A2A789B0}.Release|ARM64.Build.0 = Release|Any CPU
		{866418E6-C56E-4E88-B46E-21B5A2A789B0}.Release|x64.ActiveCfg = Release|Any CPU
		{866418E6-C56E-4E88-B46E-21B5A2A789B0}.Release|x64.Build.0 = Release|Any CPU
		{866418E6-C56E-4E88-B46E-21B5A2A789B0}.Release|x86.ActiveCfg = Release|Any CPU
		{866418E6-C56E-4E88-B46E-21B5A2A789B0}.Release|x86.Build.0 = Release|Any CPU
		{94DEB1FD-0D24-43CE-8E33-73F7F32E839C}.Debug|Any CPU.ActiveCfg = Debug|Win32
		{94DEB1FD-0D24-43CE-8E33-73F7F32E839C}.Debug|ARM.ActiveCfg = Debug|Win32
		{94DEB1FD-0D24-43CE-8E33-73F7F32E839C}.Debug|ARM64.ActiveCfg = Debug|Win32
		{94DEB1FD-0D24-43CE-8E33-73F7F32E839C}.Debug|x64.ActiveCfg = Debug|x64
		{94DEB1FD-0D24-43CE-8E33-73F7F32E839C}.Debug|x64.Build.0 = Debug|x64
		{94DEB1FD-0D24-43CE-8E33-73F7F32E839C}.Debug|x64.Deploy.0 = Debug|x64
		{94DEB1FD-0D24-43CE-8E33-73F7F32E839C}.Debug|x86.ActiveCfg = Debug|Win32
		{94DEB1FD-0D24-43CE-8E33-73F7F32E839C}.Debug|x86.Build.0 = Debug|Win32
		{94DEB1FD-0D24-43CE-8E33-73F7F32E839C}.Release|Any CPU.ActiveCfg = Release|Win32
		{94DEB1FD-0D24-43CE-8E33-73F7F32E839C}.Release|ARM.ActiveCfg = Release|Win32
		{94DEB1FD-0D24-43CE-8E33-73F7F32E839C}.Release|ARM64.ActiveCfg = Release|Win32
		{94DEB1FD-0D24-43CE-8E33-73F7F32E839C}.Release|x64.ActiveCfg = Release|x64
		{94DEB1FD-0D24-43CE-8E33-73F7F32E839C}.Release|x64.Build.0 = Release|x64
		{94DEB1FD-0D24-43CE-8E33-73F7F32E839C}.Release|x86.ActiveCfg = Release|Win32
		{94DEB1FD-0D24-43CE-8E33-73F7F32E839C}.Release|x86.Build.0 = Release|Win32
		{73B379CD-0298-415B-AC8E-FC6D4A6721AB}.Debug|Any CPU.ActiveCfg = Debug|x86
		{73B379CD-0298-415B-AC8E-FC6D4A6721AB}.Debug|ARM.ActiveCfg = Debug|ARM
		{73B379CD-0298-415B-AC8E-FC6D4A6721AB}.Debug|ARM.Build.0 = Debug|ARM
		{73B379CD-0298-415B-AC8E-FC6D4A6721AB}.Debug|ARM.Deploy.0 = Debug|ARM
		{73B379CD-0298-415B-AC8E-FC6D4A6721AB}.Debug|ARM64.ActiveCfg = Debug|ARM64
		{73B379CD-0298-415B-AC8E-FC6D4A6721AB}.Debug|ARM64.Build.0 = Debug|ARM64
		{73B379CD-0298-415B-AC8E-FC6D4A6721AB}.Debug|ARM64.Deploy.0 = Debug|ARM64
		{73B379CD-0298-415B-AC8E-FC6D4A6721AB}.Debug|x64.ActiveCfg = Debug|x64
		{73B379CD-0298-415B-AC8E-FC6D4A6721AB}.Debug|x64.Build.0 = Debug|x64
		{73B379CD-0298-415B-AC8E-FC6D4A6721AB}.Debug|x64.Deploy.0 = Debug|x64
		{73B379CD-0298-415B-AC8E-FC6D4A6721AB}.Debug|x86.ActiveCfg = Debug|x86
		{73B379CD-0298-415B-AC8E-FC6D4A6721AB}.Debug|x86.Build.0 = Debug|x86
		{73B379CD-0298-415B-AC8E-FC6D4A6721AB}.Debug|x86.Deploy.0 = Debug|x86
		{73B379CD-0298-415B-AC8E-FC6D4A6721AB}.Release|Any CPU.ActiveCfg = Release|x86
		{73B379CD-0298-415B-AC8E-FC6D4A6721AB}.Release|ARM.ActiveCfg = Release|ARM
		{73B379CD-0298-415B-AC8E-FC6D4A6721AB}.Release|ARM.Build.0 = Release|ARM
		{73B379CD-0298-415B-AC8E-FC6D4A6721AB}.Release|ARM.Deploy.0 = Release|ARM
		{73B379CD-0298-415B-AC8E-FC6D4A6721AB}.Release|ARM64.ActiveCfg = Release|ARM64
		{73B379CD-0298-415B-AC8E-FC6D4A6721AB}.Release|ARM64.Build.0 = Release|ARM64
		{73B379CD-0298-415B-AC8E-FC6D4A6721AB}.Release|ARM64.Deploy.0 = Release|ARM64
		{73B379CD-0298-415B-AC8E-FC6D4A6721AB}.Release|x64.ActiveCfg = Release|x64
		{73B379CD-0298-415B-AC8E-FC6D4A6721AB}.Release|x64.Build.0 = Release|x64
		{73B379CD-0298-415B-AC8E-FC6D4A6721AB}.Release|x64.Deploy.0 = Release|x64
		{73B379CD-0298-415B-AC8E-FC6D4A6721AB}.Release|x86.ActiveCfg = Release|x86
		{73B379CD-0298-415B-AC8E-FC6D4A6721AB}.Release|x86.Build.0 = Release|x86
		{73B379CD-0298-415B-AC8E-FC6D4A6721AB}.Release|x86.Deploy.0 = Release|x86
		{C144BA26-B954-4C36-B43E-C77E2487353A}.Debug|Any CPU.ActiveCfg = Debug|Any CPU
		{C144BA26-B954-4C36-B43E-C77E2487353A}.Debug|ARM.ActiveCfg = Debug|Any CPU
		{C144BA26-B954-4C36-B43E-C77E2487353A}.Debug|ARM64.ActiveCfg = Debug|Any CPU
		{C144BA26-B954-4C36-B43E-C77E2487353A}.Debug|x64.ActiveCfg = Debug|Any CPU
		{C144BA26-B954-4C36-B43E-C77E2487353A}.Debug|x86.ActiveCfg = Debug|Any CPU
		{C144BA26-B954-4C36-B43E-C77E2487353A}.Release|Any CPU.ActiveCfg = Release|Any CPU
		{C144BA26-B954-4C36-B43E-C77E2487353A}.Release|ARM.ActiveCfg = Release|Any CPU
		{C144BA26-B954-4C36-B43E-C77E2487353A}.Release|ARM64.ActiveCfg = Release|Any CPU
		{C144BA26-B954-4C36-B43E-C77E2487353A}.Release|x64.ActiveCfg = Release|Any CPU
		{C144BA26-B954-4C36-B43E-C77E2487353A}.Release|x86.ActiveCfg = Release|Any CPU
	EndGlobalSection
	GlobalSection(SolutionProperties) = preSolution
		HideSolutionNode = FALSE
	EndGlobalSection
	GlobalSection(ExtensibilityGlobals) = postSolution
		SolutionGuid = {D7AF0CBB-E55E-48BE-93DB-68A4D38CADEB}
	EndGlobalSection
EndGlobal
